
Microsoft Visual Studio Solution File, Format Version 12.00
Project("{FAE04EC0-301F-11D3-BF4B-00C04F79EFBC}") = "EndRoundFunny", "EndRoundFunny\EndRoundFunny.csproj", "{541CA9BF-5FC1-4397-8B9D-EC22FC460F97}"
EndProject
Global
	GlobalSection(SolutionConfigurationPlatforms) = preSolution
		Debug|Any CPU = Debug|Any CPU
		Release|Any CPU = Release|Any CPU
	EndGlobalSection
	GlobalSection(ProjectConfigurationPlatforms) = postSolution
		{541CA9BF-5FC1-4397-8B9D-EC22FC460F97}.Debug|Any CPU.ActiveCfg = Debug|Any CPU
		{541CA9BF-5FC1-4397-8B9D-EC22FC460F97}.Debug|Any CPU.Build.0 = Debug|Any CPU
		{541CA9BF-5FC1-4397-8B9D-EC22FC460F97}.Release|Any CPU.ActiveCfg = Release|Any CPU
		{541CA9BF-5FC1-4397-8B9D-EC22FC460F97}.Release|Any CPU.Build.0 = Release|Any CPU
	EndGlobalSection
EndGlobal
